{
  "meteor": {},
  "dependencies": {
    "basePackages": {
      "leaflet": {},
      "bootstrap3-less": {},
      "leaflet-locatecontrol": {},
      "leaflet-search": {},
      "bootstrap-datetimepicker": {}
    },
    "packages": {
      "leaflet": {
        "git": "https://github.com/bevanhunt/meteor-leaflet.git",
        "tag": "v0.3.6",
        "commit": "d9e3bdb824145c1078e52945909bb1cf38724da5"
      },
      "bootstrap3-less": {
        "git": "https://github.com/eprochasson/bootstrap3-less",
        "tag": "v0.1.9",
        "commit": "5c812c4d7ce72917a065f0424c3cf54e5ff2d16a"
      },
      "leaflet-locatecontrol": {
        "git": "https://github.com/bevanhunt/meteor-leaflet-locatecontrol.git",
        "tag": "v0.0.7",
        "commit": "f3b67cdd48b4c366d4d4fe5e45a27544ac226197"
      },
      "leaflet-search": {
        "git": "https://github.com/stefanocudini/leaflet-search.git",
        "tag": "v1.4.7",
        "commit": "411f216e1f407da9ef61047832b227c19ed47fab"
      },
      "bootstrap-datetimepicker": {
        "git": "https://github.com/Elfoslav/bootstrap-datetimepicker.git",
        "tag": "v0.0.6",
        "commit": "728e5d603c377652e6909e180358364c46ce95ff"
      }
    }
  }
}
